{
  "name": "vap-query",
  "version": "2.1.2",
  "lockfileVersion": 1,
  "requires": true,
  "dependencies": {
    "json-rpc-random-id": {
      "version": "1.0.1",
      "resolved": "https://registry.npmjs.org/json-rpc-random-id/-/json-rpc-random-id-1.0.1.tgz",
      "integrity": "sha1-uknZat7RRE27jaPSA3SKy7zeyMg="
    },
    "xtend": {
      "version": "4.0.2",
      "resolved": "https://registry.npmjs.org/xtend/-/xtend-4.0.2.tgz",
      "integrity": "sha512-LKYU1iAXJXUgAXn9URjiu+MWhyUXHsvfp7mcuYm9dSUKK0/CjtrUwFAxD82/mCWbtLsGjFIad0wIsod4zrTAEQ=="
    }
  }
}
